// !$*UTF8*$!
{
	archiveVersion = 1;
	classes = {
	};
	objectVersion = 56;
	objects = {

/* Begin PBXBuildFile section */
		F9AD2AD02AFC900600D56F4E /* waveCasinoApp.swift in Sources */ = {isa = PBXBuildFile; fileRef = F9AD2ACF2AFC900600D56F4E /* waveCasinoApp.swift */; };
		F9AD2AD22AFC900600D56F4E /* ContentView.swift in Sources */ = {isa = PBXBuildFile; fileRef = F9AD2AD12AFC900600D56F4E /* ContentView.swift */; };
		F9AD2AD42AFC900700D56F4E /* Assets.xcassets in Resources */ = {isa = PBXBuildFile; fileRef = F9AD2AD32AFC900700D56F4E /* Assets.xcassets */; };
		F9AD2AD72AFC900700D56F4E /* Preview Assets.xcassets in Resources */ = {isa = PBXBuildFile; fileRef = F9AD2AD62AFC900700D56F4E /* Preview Assets.xcassets */; };
		F9AD2ADE2AFC908500D56F4E /* HomeView.swift in Sources */ = {isa = PBXBuildFile; fileRef = F9AD2ADD2AFC908500D56F4E /* HomeView.swift */; };
		F9AD2AE02AFC928800D56F4E /* LiveView.swift in Sources */ = {isa = PBXBuildFile; fileRef = F9AD2ADF2AFC928800D56F4E /* LiveView.swift */; };
		F9AD2AE22AFC929500D56F4E /* FlashView.swift in Sources */ = {isa = PBXBuildFile; fileRef = F9AD2AE12AFC929500D56F4E /* FlashView.swift */; };
		F9AD2AE42AFC929F00D56F4E /* GamesView.swift in Sources */ = {isa = PBXBuildFile; fileRef = F9AD2AE32AFC929F00D56F4E /* GamesView.swift */; };
		F9AD2AE62AFC92A800D56F4E /* BalanceView.swift in Sources */ = {isa = PBXBuildFile; fileRef = F9AD2AE52AFC92A800D56F4E /* BalanceView.swift */; };
/* End PBXBuildFile section */

/* Begin PBXFileReference section */
		F9AD2ACC2AFC900600D56F4E /* waveCasino.app */ = {isa = PBXFileReference; explicitFileType = wrapper.application; includeInIndex = 0; path = waveCasino.app; sourceTree = BUILT_PRODUCTS_DIR; };
		F9AD2ACF2AFC900600D56F4E /* waveCasinoApp.swift */ = {isa = PBXFileReference; lastKnownFileType = sourcecode.swift; path = waveCasinoApp.swift; sourceTree = "<group>"; };
		F9AD2AD12AFC900600D56F4E /* ContentView.swift */ = {isa = PBXFileReference; lastKnownFileType = sourcecode.swift; path = ContentView.swift; sourceTree = "<group>"; };
		F9AD2AD32AFC900700D56F4E /* Assets.xcassets */ = {isa = PBXFileReference; lastKnownFileType = folder.assetcatalog; path = Assets.xcassets; sourceTree = "<group>"; };
		F9AD2AD62AFC900700D56F4E /* Preview Assets.xcassets */ = {isa = PBXFileReference; lastKnownFileType = folder.assetcatalog; path = "Preview Assets.xcassets"; sourceTree = "<group>"; };
		F9AD2ADD2AFC908500D56F4E /* HomeView.swift */ = {isa = PBXFileReference; lastKnownFileType = sourcecode.swift; path = HomeView.swift; sourceTree = "<group>"; };
		F9AD2ADF2AFC928800D56F4E /* LiveView.swift */ = {isa = PBXFileReference; lastKnownFileType = sourcecode.swift; path = LiveView.swift; sourceTree = "<group>"; };
		F9AD2AE12AFC929500D56F4E /* FlashView.swift */ = {isa = PBXFileReference; lastKnownFileType = sourcecode.swift; path = FlashView.swift; sourceTree = "<group>"; };
		F9AD2AE32AFC929F00D56F4E /* GamesView.swift */ = {isa = PBXFileReference; lastKnownFileType = sourcecode.swift; path = GamesView.swift; sourceTree = "<group>"; };
		F9AD2AE52AFC92A800D56F4E /* BalanceView.swift */ = {isa = PBXFileReference; lastKnownFileType = sourcecode.swift; path = BalanceView.swift; sourceTree = "<group>"; };
/* End PBXFileReference section */

/* Begin PBXFrameworksBuildPhase section */
		F9AD2AC92AFC900600D56F4E /* Frameworks */ = {
			isa = PBXFrameworksBuildPhase;
			buildActionMask = 2147483647;
			files = (
			);
			runOnlyForDeploymentPostprocessing = 0;
		};
/* End PBXFrameworksBuildPhase section */

/* Begin PBXGroup section */
		F9AD2AC32AFC900600D56F4E = {
			isa = PBXGroup;
			children = (
				F9AD2ACE2AFC900600D56F4E /* waveCasino */,
				F9AD2ACD2AFC900600D56F4E /* Products */,
			);
			sourceTree = "<group>";
		};
		F9AD2ACD2AFC900600D56F4E /* Products */ = {
			isa = PBXGroup;
			children = (
				F9AD2ACC2AFC900600D56F4E /* waveCasino.app */,
			);
			name = Products;
			sourceTree = "<group>";
		};
		F9AD2ACE2AFC900600D56F4E /* waveCasino */ = {
			isa = PBXGroup;
			children = (
				F9AD2ACF2AFC900600D56F4E /* waveCasinoApp.swift */,
				F9AD2AD12AFC900600D56F4E /* ContentView.swift */,
				F9AD2AD32AFC900700D56F4E /* Assets.xcassets */,
				F9AD2AD52AFC900700D56F4E /* Preview Content */,
				F9AD2ADD2AFC908500D56F4E /* HomeView.swift */,
				F9AD2ADF2AFC928800D56F4E /* LiveView.swift */,
				F9AD2AE12AFC929500D56F4E /* FlashView.swift */,
				F9AD2AE32AFC929F00D56F4E /* GamesView.swift */,
				F9AD2AE52AFC92A800D56F4E /* BalanceView.swift */,
			);
			path = waveCasino;
			sourceTree = "<group>";
		};
		F9AD2AD52AFC900700D56F4E /* Preview Content */ = {
			isa = PBXGroup;
			children = (
				F9AD2AD62AFC900700D56F4E /* Preview Assets.xcassets */,
			);
			path = "Preview Content";
			sourceTree = "<group>";
		};
/* End PBXGroup section */

/* Begin PBXNativeTarget section */
		F9AD2ACB2AFC900600D56F4E /* waveCasino */ = {
			isa = PBXNativeTarget;
			buildConfigurationList = F9AD2ADA2AFC900700D56F4E /* Build configuration list for PBXNativeTarget "waveCasino" */;
			buildPhases = (
				F9AD2AC82AFC900600D56F4E /* Sources */,
				F9AD2AC92AFC900600D56F4E /* Frameworks */,
				F9AD2ACA2AFC900600D56F4E /* Resources */,
			);
			buildRules = (
			);
			dependencies = (
			);
			name = waveCasino;
			productName = waveCasino;
			productReference = F9AD2ACC2AFC900600D56F4E /* waveCasino.app */;
			productType = "com.apple.product-type.application";
		};
/* End PBXNativeTarget section */

/* Begin PBXProject section */
		F9AD2AC42AFC900600D56F4E /* Project object */ = {
			isa = PBXProject;
			attributes = {
				BuildIndependentTargetsInParallel = 1;
				LastSwiftUpdateCheck = 1500;
				LastUpgradeCheck = 1500;
				TargetAttributes = {
					F9AD2ACB2AFC900600D56F4E = {
						CreatedOnToolsVersion = 15.0.1;
					};
				};
			};
			buildConfigurationList = F9AD2AC72AFC900600D56F4E /* Build configuration list for PBXProject "waveCasino" */;
			compatibilityVersion = "Xcode 14.0";
			developmentRegion = en;
			hasScannedForEncodings = 0;
			knownRegions = (
				en,
				Base,
			);
			mainGroup = F9AD2AC32AFC900600D56F4E;
			productRefGroup = F9AD2ACD2AFC900600D56F4E /* Products */;
			projectDirPath = "";
			projectRoot = "";
			targets = (
				F9AD2ACB2AFC900600D56F4E /* waveCasino */,
			);
		};
/* End PBXProject section */

/* Begin PBXResourcesBuildPhase section */
		F9AD2ACA2AFC900600D56F4E /* Resources */ = {
			isa = PBXResourcesBuildPhase;
			buildActionMask = 2147483647;
			files = (
				F9AD2AD72AFC900700D56F4E /* Preview Assets.xcassets in Resources */,
				F9AD2AD42AFC900700D56F4E /* Assets.xcassets in Resources */,
			);
			runOnlyForDeploymentPostprocessing = 0;
		};
/* End PBXResourcesBuildPhase section */

/* Begin PBXSourcesBuildPhase section */
		F9AD2AC82AFC900600D56F4E /* Sources */ = {
			isa = PBXSourcesBuildPhase;
			buildActionMask = 2147483647;
			files = (
				F9AD2AE42AFC929F00D56F4E /* GamesView.swift in Sources */,
				F9AD2AE22AFC929500D56F4E /* FlashView.swift in Sources */,
				F9AD2AE02AFC928800D56F4E /* LiveView.swift in Sources */,
				F9AD2ADE2AFC908500D56F4E /* HomeView.swift in Sources */,
				F9AD2AD22AFC900600D56F4E /* ContentView.swift in Sources */,
				F9AD2AD02AFC900600D56F4E /* waveCasinoApp.swift in Sources */,
				F9AD2AE62AFC92A800D56F4E /* BalanceView.swift in Sources */,
			);
			runOnlyForDeploymentPostprocessing = 0;
		};
/* End PBXSourcesBuildPhase section */

/* Begin XCBuildConfiguration section */
		F9AD2AD82AFC900700D56F4E /* Debug */ = {
			isa = XCBuildConfiguration;
			buildSettings = {
				ALWAYS_SEARCH_USER_PATHS = NO;
				ASSETCATALOG_COMPILER_GENERATE_SWIFT_ASSET_SYMBOL_EXTENSIONS = YES;
				CLANG_ANALYZER_NONNULL = YES;
				CLANG_ANALYZER_NUMBER_OBJECT_CONVERSION = YES_AGGRESSIVE;
				CLANG_CXX_LANGUAGE_STANDARD = "gnu++20";
				CLANG_ENABLE_MODULES = YES;
				CLANG_ENABLE_OBJC_ARC = YES;
				CLANG_ENABLE_OBJC_WEAK = YES;
				CLANG_WARN_BLOCK_CAPTURE_AUTORELEASING = YES;
				CLANG_WARN_BOOL_CONVERSION = YES;
				CLANG_WARN_COMMA = YES;
				CLANG_WARN_CONSTANT_CONVERSION = YES;
				CLANG_WARN_DEPRECATED_OBJC_IMPLEMENTATIONS = YES;
				CLANG_WARN_DIRECT_OBJC_ISA_USAGE = YES_ERROR;
				CLANG_WARN_DOCUMENTATION_COMMENTS = YES;
				CLANG_WARN_EMPTY_BODY = YES;
				CLANG_WARN_ENUM_CONVERSION = YES;
				CLANG_WARN_INFINITE_RECURSION = YES;
				CLANG_WARN_INT_CONVERSION = YES;
				CLANG_WARN_NON_LITERAL_NULL_CONVERSION = YES;
				CLANG_WARN_OBJC_IMPLICIT_RETAIN_SELF = YES;
				CLANG_WARN_OBJC_LITERAL_CONVERSION = YES;
				CLANG_WARN_OBJC_ROOT_CLASS = YES_ERROR;
				CLANG_WARN_QUOTED_INCLUDE_IN_FRAMEWORK_HEADER = YES;
				CLANG_WARN_RANGE_LOOP_ANALYSIS = YES;
				CLANG_WARN_STRICT_PROTOTYPES = YES;
				CLANG_WARN_SUSPICIOUS_MOVE = YES;
				CLANG_WARN_UNGUARDED_AVAILABILITY = YES_AGGRESSIVE;
				CLANG_WARN_UNREACHABLE_CODE = YES;
				CLANG_WARN__DUPLICATE_METHOD_MATCH = YES;
				COPY_PHASE_STRIP = NO;
				DEBUG_INFORMATION_FORMAT = dwarf;
				ENABLE_STRICT_OBJC_MSGSEND = YES;
				ENABLE_TESTABILITY = YES;
				ENABLE_USER_SCRIPT_SANDBOXING = YES;
				GCC_C_LANGUAGE_STANDARD = gnu17;
				GCC_DYNAMIC_NO_PIC = NO;
				GCC_NO_COMMON_BLOCKS = YES;
				GCC_OPTIMIZATION_LEVEL = 0;
				GCC_PREPROCESSOR_DEFINITIONS = (
					"DEBUG=1",
					"$(inherited)",
				);
				GCC_WARN_64_TO_32_BIT_CONVERSION = YES;
				GCC_WARN_ABOUT_RETURN_TYPE = YES_ERROR;
				GCC_WARN_UNDECLARED_SELECTOR = YES;
				GCC_WARN_UNINITIALIZED_AUTOS = YES_AGGRESSIVE;
				GCC_WARN_UNUSED_FUNCTION = YES;
				GCC_WARN_UNUSED_VARIABLE = YES;
				IPHONEOS_DEPLOYMENT_TARGET = 17.0;
				LOCALIZATION_PREFERS_STRING_CATALOGS = YES;
				MTL_ENABLE_DEBUG_INFO = INCLUDE_SOURCE;
				MTL_FAST_MATH = YES;
				ONLY_ACTIVE_ARCH = YES;
				SDKROOT = iphoneos;
				SWIFT_ACTIVE_COMPILATION_CONDITIONS = "DEBUG $(inherited)";
				SWIFT_OPTIMIZATION_LEVEL = "-Onone";
			};
			name = Debug;
		};
		F9AD2AD92AFC900700D56F4E /* Release */ = {
			isa = XCBuildConfiguration;
			buildSettings = {
				ALWAYS_SEARCH_USER_PATHS = NO;
				ASSETCATALOG_COMPILER_GENERATE_SWIFT_ASSET_SYMBOL_EXTENSIONS = YES;
				CLANG_ANALYZER_NONNULL = YES;
				CLANG_ANALYZER_NUMBER_OBJECT_CONVERSION = YES_AGGRESSIVE;
				CLANG_CXX_LANGUAGE_STANDARD = "gnu++20";
				CLANG_ENABLE_MODULES = YES;
				CLANG_ENABLE_OBJC_ARC = YES;
				CLANG_ENABLE_OBJC_WEAK = YES;
				CLANG_WARN_BLOCK_CAPTURE_AUTORELEASING = YES;
				CLANG_WARN_BOOL_CONVERSION = YES;
				CLANG_WARN_COMMA = YES;
				CLANG_WARN_CONSTANT_CONVERSION = YES;
				CLANG_WARN_DEPRECATED_OBJC_IMPLEMENTATIONS = YES;
				CLANG_WARN_DIRECT_OBJC_ISA_USAGE = YES_ERROR;
				CLANG_WARN_DOCUMENTATION_COMMENTS = YES;
				CLANG_WARN_EMPTY_BODY = YES;
				CLANG_WARN_ENUM_CONVERSION = YES;
				CLANG_WARN_INFINITE_RECURSION = YES;
				CLANG_WARN_INT_CONVERSION = YES;
				CLANG_WARN_NON_LITERAL_NULL_CONVERSION = YES;
				CLANG_WARN_OBJC_IMPLICIT_RETAIN_SELF = YES;
				CLANG_WARN_OBJC_LITERAL_CONVERSION = YES;
				CLANG_WARN_OBJC_ROOT_CLASS = YES_ERROR;
				CLANG_WARN_QUOTED_INCLUDE_IN_FRAMEWORK_HEADER = YES;
				CLANG_WARN_RANGE_LOOP_ANALYSIS = YES;
				CLANG_WARN_STRICT_PROTOTYPES = YES;
				CLANG_WARN_SUSPICIOUS_MOVE = YES;
				CLANG_WARN_UNGUARDED_AVAILABILITY = YES_AGGRESSIVE;
				CLANG_WARN_UNREACHABLE_CODE = YES;
				CLANG_WARN__DUPLICATE_METHOD_MATCH = YES;
				COPY_PHASE_STRIP = NO;
				DEBUG_INFORMATION_FORMAT = "dwarf-with-dsym";
				ENABLE_NS_ASSERTIONS = NO;
				ENABLE_STRICT_OBJC_MSGSEND = YES;
				ENABLE_USER_SCRIPT_SANDBOXING = YES;
				GCC_C_LANGUAGE_STANDARD = gnu17;
				GCC_NO_COMMON_BLOCKS = YES;
				GCC_WARN_64_TO_32_BIT_CONVERSION = YES;
				GCC_WARN_ABOUT_RETURN_TYPE = YES_ERROR;
				GCC_WARN_UNDECLARED_SELECTOR = YES;
				GCC_WARN_UNINITIALIZED_AUTOS = YES_AGGRESSIVE;
				GCC_WARN_UNUSED_FUNCTION = YES;
				GCC_WARN_UNUSED_VARIABLE = YES;
				IPHONEOS_DEPLOYMENT_TARGET = 17.0;
				LOCALIZATION_PREFERS_STRING_CATALOGS = YES;
				MTL_ENABLE_DEBUG_INFO = NO;
				MTL_FAST_MATH = YES;
				SDKROOT = iphoneos;
				SWIFT_COMPILATION_MODE = wholemodule;
				VALIDATE_PRODUCT = YES;
			};
			name = Release;
		};
		F9AD2ADB2AFC900700D56F4E /* Debug */ = {
			isa = XCBuildConfiguration;
			buildSettings = {
				ASSETCATALOG_COMPILER_APPICON_NAME = AppIcon;
				ASSETCATALOG_COMPILER_GLOBAL_ACCENT_COLOR_NAME = AccentColor;
				CODE_SIGN_STYLE = Automatic;
				CURRENT_PROJECT_VERSION = 1;
				DEVELOPMENT_ASSET_PATHS = "\"waveCasino/Preview Content\"";
				DEVELOPMENT_TEAM = ZL7CBPAAN8;
				ENABLE_PREVIEWS = YES;
				GENERATE_INFOPLIST_FILE = YES;
				INFOPLIST_KEY_UIApplicationSceneManifest_Generation = YES;
				INFOPLIST_KEY_UIApplicationSupportsIndirectInputEvents = YES;
				INFOPLIST_KEY_UILaunchScreen_Generation = YES;
				INFOPLIST_KEY_UISupportedInterfaceOrientations_iPad = "UIInterfaceOrientationPortrait UIInterfaceOrientationPortraitUpsideDown UIInterfaceOrientationLandscapeLeft UIInterfaceOrientationLandscapeRight";
				INFOPLIST_KEY_UISupportedInterfaceOrientations_iPhone = "UIInterfaceOrientationPortrait UIInterfaceOrientationLandscapeLeft UIInterfaceOrientationLandscapeRight";
				LD_RUNPATH_SEARCH_PATHS = (
					"$(inherited)",
					"@executable_path/Frameworks",
				);
				MARKETING_VERSION = 1.0;
				PRODUCT_BUNDLE_IDENTIFIER = com.keatonhasse.waveCasino;
				PRODUCT_NAME = "$(TARGET_NAME)";
				SWIFT_EMIT_LOC_STRINGS = YES;
				SWIFT_VERSION = 5.0;
				TARGETED_DEVICE_FAMILY = "1,2";
			};
			name = Debug;
		};
		F9AD2ADC2AFC900700D56F4E /* Release */ = {
			isa = XCBuildConfiguration;
			buildSettings = {
				ASSETCATALOG_COMPILER_APPICON_NAME = AppIcon;
				ASSETCATALOG_COMPILER_GLOBAL_ACCENT_COLOR_NAME = AccentColor;
				CODE_SIGN_STYLE = Automatic;
				CURRENT_PROJECT_VERSION = 1;
				DEVELOPMENT_ASSET_PATHS = "\"waveCasino/Preview Content\"";
				DEVELOPMENT_TEAM = ZL7CBPAAN8;
				ENABLE_PREVIEWS = YES;
				GENERATE_INFOPLIST_FILE = YES;
				INFOPLIST_KEY_UIApplicationSceneManifest_Generation = YES;
				INFOPLIST_KEY_UIApplicationSupportsIndirectInputEvents = YES;
				INFOPLIST_KEY_UILaunchScreen_Generation = YES;
				INFOPLIST_KEY_UISupportedInterfaceOrientations_iPad = "UIInterfaceOrientationPortrait UIInterfaceOrientationPortraitUpsideDown UIInterfaceOrientationLandscapeLeft UIInterfaceOrientationLandscapeRight";
				INFOPLIST_KEY_UISupportedInterfaceOrientations_iPhone = "UIInterfaceOrientationPortrait UIInterfaceOrientationLandscapeLeft UIInterfaceOrientationLandscapeRight";
				LD_RUNPATH_SEARCH_PATHS = (
					"$(inherited)",
					"@executable_path/Frameworks",
				);
				MARKETING_VERSION = 1.0;
				PRODUCT_BUNDLE_IDENTIFIER = com.keatonhasse.waveCasino;
				PRODUCT_NAME = "$(TARGET_NAME)";
				SWIFT_EMIT_LOC_STRINGS = YES;
				SWIFT_VERSION = 5.0;
				TARGETED_DEVICE_FAMILY = "1,2";
			};
			name = Release;
		};
/* End XCBuildConfiguration section */

/* Begin XCConfigurationList section */
		F9AD2AC72AFC900600D56F4E /* Build configuration list for PBXProject "waveCasino" */ = {
			isa = XCConfigurationList;
			buildConfigurations = (
				F9AD2AD82AFC900700D56F4E /* Debug */,
				F9AD2AD92AFC900700D56F4E /* Release */,
			);
			defaultConfigurationIsVisible = 0;
			defaultConfigurationName = Release;
		};
		F9AD2ADA2AFC900700D56F4E /* Build configuration list for PBXNativeTarget "waveCasino" */ = {
			isa = XCConfigurationList;
			buildConfigurations = (
				F9AD2ADB2AFC900700D56F4E /* Debug */,
				F9AD2ADC2AFC900700D56F4E /* Release */,
			);
			defaultConfigurationIsVisible = 0;
			defaultConfigurationName = Release;
		};
/* End XCConfigurationList section */
	};
	rootObject = F9AD2AC42AFC900600D56F4E /* Project object */;
}
